
Microsoft Visual Studio Solution File, Format Version 12.00
# Visual Studio Version 17
VisualStudioVersion = 17.13.35919.96
MinimumVisualStudioVersion = 10.0.40219.1
Project("{FAE04EC0-301F-11D3-BF4B-00C04F79EFBC}") = "Gestion De Inventario 2", "Gestion De Inventario 2\Gestion De Inventario 2.csproj", "{852338AC-2344-4109-8E2A-5EC5926223D7}"
EndProject
Project("{2150E333-8FDC-42A3-9474-1A3956D46DE8}") = "Elementos de la solución", "Elementos de la solución", "{D107F4C8-89CC-BEA8-D3D7-CA6B7733353D}"
	ProjectSection(SolutionItems) = preProject
		.gitignore = .gitignore
	EndProjectSection
EndProject
Global
	GlobalSection(SolutionConfigurationPlatforms) = preSolution
		Debug|Any CPU = Debug|Any CPU
		Release|Any CPU = Release|Any CPU
	EndGlobalSection
	GlobalSection(ProjectConfigurationPlatforms) = postSolution
		{852338AC-2344-4109-8E2A-5EC5926223D7}.Debug|Any CPU.ActiveCfg = Debug|Any CPU
		{852338AC-2344-4109-8E2A-5EC5926223D7}.Debug|Any CPU.Build.0 = Debug|Any CPU
		{852338AC-2344-4109-8E2A-5EC5926223D7}.Release|Any CPU.ActiveCfg = Release|Any CPU
		{852338AC-2344-4109-8E2A-5EC5926223D7}.Release|Any CPU.Build.0 = Release|Any CPU
	EndGlobalSection
	GlobalSection(SolutionProperties) = preSolution
		HideSolutionNode = FALSE
	EndGlobalSection
	GlobalSection(ExtensibilityGlobals) = postSolution
		SolutionGuid = {37C1D97C-31D1-49C8-9C10-6702D4BE0887}
	EndGlobalSection
EndGlobal
